# This file is automatically @generated by Cargo.
# It is not intended for manual editing.
version = 4

[[package]]
name = "raptorq"
version = "2.0.1"
source = "registry+https://github.com/rust-lang/crates.io-index"
checksum = "4d4215fb79ef19442a0c71616aabb0715a386e6a16ed9031775ee3e3f20e7502"

[[package]]
name = "raptorq_interop"
version = "0.1.0"
dependencies = [
 "raptorq",
]
